
Microsoft Visual Studio Solution File, Format Version 9.00
# Visual Studio 2005
Project("{FAE04EC0-301F-11D3-BF4B-00C04F79EFBC}") = "ProteinDataSeperatorApplication", "ProteinDataSeperatorApplication\ProteinDataSeperatorApplication.csproj", "{8B833939-4AA9-45A4-AE65-6604A8D0F189}"
EndProject
Project("{FAE04EC0-301F-11D3-BF4B-00C04F79EFBC}") = "ProteinDataSeperationLib", "ProteinDataSeperationLib\ProteinDataSeperationLib.csproj", "{DB7CD370-2B4E-47E3-AEBC-7BA0767F1653}"
EndProject
Global
	GlobalSection(SolutionConfigurationPlatforms) = preSolution
		Debug|Any CPU = Debug|Any CPU
		Release|Any CPU = Release|Any CPU
	EndGlobalSection
	GlobalSection(ProjectConfigurationPlatforms) = postSolution
		{8B833939-4AA9-45A4-AE65-6604A8D0F189}.Debug|Any CPU.ActiveCfg = Debug|Any CPU
		{8B833939-4AA9-45A4-AE65-6604A8D0F189}.Debug|Any CPU.Build.0 = Debug|Any CPU
		{8B833939-4AA9-45A4-AE65-6604A8D0F189}.Release|Any CPU.ActiveCfg = Release|Any CPU
		{8B833939-4AA9-45A4-AE65-6604A8D0F189}.Release|Any CPU.Build.0 = Release|Any CPU
		{DB7CD370-2B4E-47E3-AEBC-7BA0767F1653}.Debug|Any CPU.ActiveCfg = Debug|Any CPU
		{DB7CD370-2B4E-47E3-AEBC-7BA0767F1653}.Debug|Any CPU.Build.0 = Debug|Any CPU
		{DB7CD370-2B4E-47E3-AEBC-7BA0767F1653}.Release|Any CPU.ActiveCfg = Release|Any CPU
		{DB7CD370-2B4E-47E3-AEBC-7BA0767F1653}.Release|Any CPU.Build.0 = Release|Any CPU
	EndGlobalSection
	GlobalSection(SolutionProperties) = preSolution
		HideSolutionNode = FALSE
	EndGlobalSection
EndGlobal
